// !$*UTF8*$!
{
	archiveVersion = 1;
	classes = {
	};
	objectVersion = 56;
	objects = {

/* Begin PBXBuildFile section */
		3F0D2B572BDA184A00F43C70 /* ContentView.swift in Sources */ = {isa = PBXBuildFile; fileRef = 3F0D2B562BDA184A00F43C70 /* ContentView.swift */; };
		3F0D2B592BDA184B00F43C70 /* Assets.xcassets in Resources */ = {isa = PBXBuildFile; fileRef = 3F0D2B582BDA184B00F43C70 /* Assets.xcassets */; };
		3F0D2B5C2BDA184B00F43C70 /* Preview Assets.xcassets in Resources */ = {isa = PBXBuildFile; fileRef = 3F0D2B5B2BDA184B00F43C70 /* Preview Assets.xcassets */; };
		3F0D2B5F2BDA184B00F43C70 /* WatchLandmarks Watch App.app in Embed Watch Content */ = {isa = PBXBuildFile; fileRef = 3F0D2B522BDA184A00F43C70 /* WatchLandmarks Watch App.app */; settings = {ATTRIBUTES = (RemoveHeadersOnCopy, ); }; };
		3F0D2B642BDA1B3000F43C70 /* Assets.xcassets in Resources */ = {isa = PBXBuildFile; fileRef = 3F1CBAE62BD0D7A000DBD3FD /* Assets.xcassets */; };
		3F0D2B652BDA1B3000F43C70 /* landmarkData.json in Resources */ = {isa = PBXBuildFile; fileRef = 3F1CBB122BD0EA3C00DBD3FD /* landmarkData.json */; };
		3F0D2B662BDA1B3000F43C70 /* hikeData.json in Resources */ = {isa = PBXBuildFile; fileRef = 3F495DF72BD20547005DA8C9 /* hikeData.json */; };
		3F0D2B672BDA1B3000F43C70 /* Profile.swift in Sources */ = {isa = PBXBuildFile; fileRef = 3F495E0B2BD20FBA005DA8C9 /* Profile.swift */; };
		3F0D2B682BDA1B3000F43C70 /* LandmarkRow.swift in Sources */ = {isa = PBXBuildFile; fileRef = 3F1CBB1D2BD0EF5100DBD3FD /* LandmarkRow.swift */; };
		3F0D2B692BDA1B3000F43C70 /* Hike.swift in Sources */ = {isa = PBXBuildFile; fileRef = 3F495DF92BD2055D005DA8C9 /* Hike.swift */; };
		3F0D2B6B2BDA1B3000F43C70 /* ModelData.swift in Sources */ = {isa = PBXBuildFile; fileRef = 3F1CBB182BD0EE1000DBD3FD /* ModelData.swift */; };
		3F0D2B6C2BDA1B3000F43C70 /* CircleView.swift in Sources */ = {isa = PBXBuildFile; fileRef = 3F1CBB0E2BD0E68900DBD3FD /* CircleView.swift */; };
		3F0D2B6D2BDA1B3000F43C70 /* MapView.swift in Sources */ = {isa = PBXBuildFile; fileRef = 3F1CBB102BD0E75300DBD3FD /* MapView.swift */; };
		3F0D2B6E2BDA1B3000F43C70 /* Landmark.swift in Sources */ = {isa = PBXBuildFile; fileRef = 3F1CBB162BD0EACD00DBD3FD /* Landmark.swift */; };
		3F0D2B6F2BDA1B3000F43C70 /* LandmarksApp.swift in Sources */ = {isa = PBXBuildFile; fileRef = 3F1CBAE22BD0D79F00DBD3FD /* LandmarksApp.swift */; };
		3F0D2B712BDA1BE400F43C70 /* LandmarkDetail.swift in Sources */ = {isa = PBXBuildFile; fileRef = 3F0D2B702BDA1BE400F43C70 /* LandmarkDetail.swift */; };
		3F0D2B732BDA202500F43C70 /* NotificationView.swift in Sources */ = {isa = PBXBuildFile; fileRef = 3F0D2B722BDA202500F43C70 /* NotificationView.swift */; };
		3F0D2B752BDA206E00F43C70 /* NotificationController.swift in Sources */ = {isa = PBXBuildFile; fileRef = 3F0D2B742BDA206E00F43C70 /* NotificationController.swift */; };
		3F0D2B802BDA231800F43C70 /* ContentView.swift in Sources */ = {isa = PBXBuildFile; fileRef = 3F0D2B7F2BDA231800F43C70 /* ContentView.swift */; };
		3F0D2B822BDA231A00F43C70 /* Assets.xcassets in Resources */ = {isa = PBXBuildFile; fileRef = 3F0D2B812BDA231A00F43C70 /* Assets.xcassets */; };
		3F0D2B852BDA231A00F43C70 /* Preview Assets.xcassets in Resources */ = {isa = PBXBuildFile; fileRef = 3F0D2B842BDA231A00F43C70 /* Preview Assets.xcassets */; };
		3F0D2B8A2BDA238800F43C70 /* Assets.xcassets in Resources */ = {isa = PBXBuildFile; fileRef = 3F1CBAE62BD0D7A000DBD3FD /* Assets.xcassets */; };
		3F0D2B8B2BDA238800F43C70 /* landmarkData.json in Resources */ = {isa = PBXBuildFile; fileRef = 3F1CBB122BD0EA3C00DBD3FD /* landmarkData.json */; };
		3F0D2B8C2BDA238800F43C70 /* hikeData.json in Resources */ = {isa = PBXBuildFile; fileRef = 3F495DF72BD20547005DA8C9 /* hikeData.json */; };
		3F0D2B8D2BDA238800F43C70 /* CircleView.swift in Sources */ = {isa = PBXBuildFile; fileRef = 3F1CBB0E2BD0E68900DBD3FD /* CircleView.swift */; };
		3F0D2B8E2BDA238800F43C70 /* MapView.swift in Sources */ = {isa = PBXBuildFile; fileRef = 3F1CBB102BD0E75300DBD3FD /* MapView.swift */; };
		3F0D2B8F2BDA238800F43C70 /* FavoriteButton.swift in Sources */ = {isa = PBXBuildFile; fileRef = 3F495DE62BD1FC40005DA8C9 /* FavoriteButton.swift */; };
		3F0D2B902BDA238800F43C70 /* Profile.swift in Sources */ = {isa = PBXBuildFile; fileRef = 3F495E0B2BD20FBA005DA8C9 /* Profile.swift */; };
		3F0D2B912BDA238800F43C70 /* Landmark.swift in Sources */ = {isa = PBXBuildFile; fileRef = 3F1CBB162BD0EACD00DBD3FD /* Landmark.swift */; };
		3F0D2B922BDA238800F43C70 /* Hike.swift in Sources */ = {isa = PBXBuildFile; fileRef = 3F495DF92BD2055D005DA8C9 /* Hike.swift */; };
		3F0D2B932BDA238800F43C70 /* ModelData.swift in Sources */ = {isa = PBXBuildFile; fileRef = 3F1CBB182BD0EE1000DBD3FD /* ModelData.swift */; };
		3F0D2B942BDA238800F43C70 /* LandmarkRow.swift in Sources */ = {isa = PBXBuildFile; fileRef = 3F1CBB1D2BD0EF5100DBD3FD /* LandmarkRow.swift */; };
		3F0D2B952BDA238800F43C70 /* LandmarksApp.swift in Sources */ = {isa = PBXBuildFile; fileRef = 3F1CBAE22BD0D79F00DBD3FD /* LandmarksApp.swift */; };
		3F0D2B962BDA238800F43C70 /* LandmarkList.swift in Sources */ = {isa = PBXBuildFile; fileRef = 3F1CBB1F2BD0F10D00DBD3FD /* LandmarkList.swift */; };
		3F0D2B982BDA255D00F43C70 /* LandmarkDetail.swift in Sources */ = {isa = PBXBuildFile; fileRef = 3F0D2B972BDA255D00F43C70 /* LandmarkDetail.swift */; };
		3F0D2B9A2BDA281B00F43C70 /* LandmarkList.swift in Sources */ = {isa = PBXBuildFile; fileRef = 3F0D2B992BDA281B00F43C70 /* LandmarkList.swift */; };
		3F0D2B9C2BDA2AB200F43C70 /* LandmarkCommands.swift in Sources */ = {isa = PBXBuildFile; fileRef = 3F0D2B9B2BDA2AB200F43C70 /* LandmarkCommands.swift */; };
		3F0D2B9D2BDA2AB200F43C70 /* LandmarkCommands.swift in Sources */ = {isa = PBXBuildFile; fileRef = 3F0D2B9B2BDA2AB200F43C70 /* LandmarkCommands.swift */; };
		3F0D2BA12BDA2D5E00F43C70 /* LandmarkSettings.swift in Sources */ = {isa = PBXBuildFile; fileRef = 3F0D2BA02BDA2D5E00F43C70 /* LandmarkSettings.swift */; };
		3F1CBAE32BD0D79F00DBD3FD /* LandmarksApp.swift in Sources */ = {isa = PBXBuildFile; fileRef = 3F1CBAE22BD0D79F00DBD3FD /* LandmarksApp.swift */; };
		3F1CBAE52BD0D79F00DBD3FD /* ContentView.swift in Sources */ = {isa = PBXBuildFile; fileRef = 3F1CBAE42BD0D79F00DBD3FD /* ContentView.swift */; };
		3F1CBAE72BD0D7A000DBD3FD /* Assets.xcassets in Resources */ = {isa = PBXBuildFile; fileRef = 3F1CBAE62BD0D7A000DBD3FD /* Assets.xcassets */; };
		3F1CBAEA2BD0D7A000DBD3FD /* Preview Assets.xcassets in Resources */ = {isa = PBXBuildFile; fileRef = 3F1CBAE92BD0D7A000DBD3FD /* Preview Assets.xcassets */; };
		3F1CBAF42BD0D7A000DBD3FD /* LandmarksTests.swift in Sources */ = {isa = PBXBuildFile; fileRef = 3F1CBAF32BD0D7A000DBD3FD /* LandmarksTests.swift */; };
		3F1CBAFE2BD0D7A000DBD3FD /* LandmarksUITests.swift in Sources */ = {isa = PBXBuildFile; fileRef = 3F1CBAFD2BD0D7A000DBD3FD /* LandmarksUITests.swift */; };
		3F1CBB002BD0D7A000DBD3FD /* LandmarksUITestsLaunchTests.swift in Sources */ = {isa = PBXBuildFile; fileRef = 3F1CBAFF2BD0D7A000DBD3FD /* LandmarksUITestsLaunchTests.swift */; };
		3F1CBB0F2BD0E68900DBD3FD /* CircleView.swift in Sources */ = {isa = PBXBuildFile; fileRef = 3F1CBB0E2BD0E68900DBD3FD /* CircleView.swift */; };
		3F1CBB112BD0E75300DBD3FD /* MapView.swift in Sources */ = {isa = PBXBuildFile; fileRef = 3F1CBB102BD0E75300DBD3FD /* MapView.swift */; };
		3F1CBB132BD0EA3C00DBD3FD /* landmarkData.json in Resources */ = {isa = PBXBuildFile; fileRef = 3F1CBB122BD0EA3C00DBD3FD /* landmarkData.json */; };
		3F1CBB172BD0EACD00DBD3FD /* Landmark.swift in Sources */ = {isa = PBXBuildFile; fileRef = 3F1CBB162BD0EACD00DBD3FD /* Landmark.swift */; };
		3F1CBB192BD0EE1000DBD3FD /* ModelData.swift in Sources */ = {isa = PBXBuildFile; fileRef = 3F1CBB182BD0EE1000DBD3FD /* ModelData.swift */; };
		3F1CBB1E2BD0EF5100DBD3FD /* LandmarkRow.swift in Sources */ = {isa = PBXBuildFile; fileRef = 3F1CBB1D2BD0EF5100DBD3FD /* LandmarkRow.swift */; };
		3F1CBB202BD0F10D00DBD3FD /* LandmarkList.swift in Sources */ = {isa = PBXBuildFile; fileRef = 3F1CBB1F2BD0F10D00DBD3FD /* LandmarkList.swift */; };
		3F1CBB222BD0F1D600DBD3FD /* LandmarkDetail.swift in Sources */ = {isa = PBXBuildFile; fileRef = 3F1CBB212BD0F1D600DBD3FD /* LandmarkDetail.swift */; };
		3F495DE72BD1FC40005DA8C9 /* FavoriteButton.swift in Sources */ = {isa = PBXBuildFile; fileRef = 3F495DE62BD1FC40005DA8C9 /* FavoriteButton.swift */; };
		3F495DEB2BD1FE91005DA8C9 /* HexagonParameters.swift in Sources */ = {isa = PBXBuildFile; fileRef = 3F495DEA2BD1FE91005DA8C9 /* HexagonParameters.swift */; };
		3F495DED2BD1FF90005DA8C9 /* BadgeBackground.swift in Sources */ = {isa = PBXBuildFile; fileRef = 3F495DEC2BD1FF90005DA8C9 /* BadgeBackground.swift */; };
		3F495DEF2BD20306005DA8C9 /* SwiftUIView.swift in Sources */ = {isa = PBXBuildFile; fileRef = 3F495DEE2BD20306005DA8C9 /* SwiftUIView.swift */; };
		3F495DF12BD20369005DA8C9 /* RotatedBadgeSymbol.swift in Sources */ = {isa = PBXBuildFile; fileRef = 3F495DF02BD20369005DA8C9 /* RotatedBadgeSymbol.swift */; };
		3F495DF32BD203B0005DA8C9 /* BadgeSymbol.swift in Sources */ = {isa = PBXBuildFile; fileRef = 3F495DF22BD203B0005DA8C9 /* BadgeSymbol.swift */; };
		3F495DF52BD203FD005DA8C9 /* Badge.swift in Sources */ = {isa = PBXBuildFile; fileRef = 3F495DF42BD203FD005DA8C9 /* Badge.swift */; };
		3F495DF82BD20547005DA8C9 /* hikeData.json in Resources */ = {isa = PBXBuildFile; fileRef = 3F495DF72BD20547005DA8C9 /* hikeData.json */; };
		3F495DFA2BD2055D005DA8C9 /* Hike.swift in Sources */ = {isa = PBXBuildFile; fileRef = 3F495DF92BD2055D005DA8C9 /* Hike.swift */; };
		3F495E002BD205DC005DA8C9 /* GraphCapsule.swift in Sources */ = {isa = PBXBuildFile; fileRef = 3F495DFC2BD205DC005DA8C9 /* GraphCapsule.swift */; };
		3F495E012BD205DC005DA8C9 /* HikeGraph.swift in Sources */ = {isa = PBXBuildFile; fileRef = 3F495DFD2BD205DC005DA8C9 /* HikeGraph.swift */; };
		3F495E022BD205DC005DA8C9 /* HikeDetail.swift in Sources */ = {isa = PBXBuildFile; fileRef = 3F495DFE2BD205DC005DA8C9 /* HikeDetail.swift */; };
		3F495E032BD205DC005DA8C9 /* HikeView.swift in Sources */ = {isa = PBXBuildFile; fileRef = 3F495DFF2BD205DC005DA8C9 /* HikeView.swift */; };
		3F495E062BD2099B005DA8C9 /* CategoryHome.swift in Sources */ = {isa = PBXBuildFile; fileRef = 3F495E052BD2099B005DA8C9 /* CategoryHome.swift */; };
		3F495E082BD20B2F005DA8C9 /* CategoryRow.swift in Sources */ = {isa = PBXBuildFile; fileRef = 3F495E072BD20B2F005DA8C9 /* CategoryRow.swift */; };
		3F495E0A2BD20C7B005DA8C9 /* CategoryItem.swift in Sources */ = {isa = PBXBuildFile; fileRef = 3F495E092BD20C7B005DA8C9 /* CategoryItem.swift */; };
		3F495E0C2BD20FBA005DA8C9 /* Profile.swift in Sources */ = {isa = PBXBuildFile; fileRef = 3F495E0B2BD20FBA005DA8C9 /* Profile.swift */; };
		3F495E0F2BD210CA005DA8C9 /* ProfileHost.swift in Sources */ = {isa = PBXBuildFile; fileRef = 3F495E0E2BD210CA005DA8C9 /* ProfileHost.swift */; };
		3F495E112BD21116005DA8C9 /* ProfileSummary.swift in Sources */ = {isa = PBXBuildFile; fileRef = 3F495E102BD21116005DA8C9 /* ProfileSummary.swift */; };
		3F495E132BD211B8005DA8C9 /* HikeBadge.swift in Sources */ = {isa = PBXBuildFile; fileRef = 3F495E122BD211B8005DA8C9 /* HikeBadge.swift */; };
		3F495E152BD215C4005DA8C9 /* ProfileEditor.swift in Sources */ = {isa = PBXBuildFile; fileRef = 3F495E142BD215C4005DA8C9 /* ProfileEditor.swift */; };
		3F495E182BD21847005DA8C9 /* PageViewController.swift in Sources */ = {isa = PBXBuildFile; fileRef = 3F495E172BD21847005DA8C9 /* PageViewController.swift */; };
		3F495E1A2BD218E6005DA8C9 /* FeatureCard.swift in Sources */ = {isa = PBXBuildFile; fileRef = 3F495E192BD218E6005DA8C9 /* FeatureCard.swift */; };
		3F495E1C2BD21967005DA8C9 /* PageView.swift in Sources */ = {isa = PBXBuildFile; fileRef = 3F495E1B2BD21967005DA8C9 /* PageView.swift */; };
		3F495E1E2BD21BF0005DA8C9 /* PageControl.swift in Sources */ = {isa = PBXBuildFile; fileRef = 3F495E1D2BD21BF0005DA8C9 /* PageControl.swift */; };
/* End PBXBuildFile section */

/* Begin PBXContainerItemProxy section */
		3F0D2B5D2BDA184B00F43C70 /* PBXContainerItemProxy */ = {
			isa = PBXContainerItemProxy;
			containerPortal = 3F1CBAD72BD0D79F00DBD3FD /* Project object */;
			proxyType = 1;
			remoteGlobalIDString = 3F0D2B512BDA184A00F43C70;
			remoteInfo = "WatchLandmarks Watch App";
		};
		3F1CBAF02BD0D7A000DBD3FD /* PBXContainerItemProxy */ = {
			isa = PBXContainerItemProxy;
			containerPortal = 3F1CBAD72BD0D79F00DBD3FD /* Project object */;
			proxyType = 1;
			remoteGlobalIDString = 3F1CBADE2BD0D79F00DBD3FD;
			remoteInfo = Landmarks;
		};
		3F1CBAFA2BD0D7A000DBD3FD /* PBXContainerItemProxy */ = {
			isa = PBXContainerItemProxy;
			containerPortal = 3F1CBAD72BD0D79F00DBD3FD /* Project object */;
			proxyType = 1;
			remoteGlobalIDString = 3F1CBADE2BD0D79F00DBD3FD;
			remoteInfo = Landmarks;
		};
/* End PBXContainerItemProxy section */

/* Begin PBXCopyFilesBuildPhase section */
		3F0D2B632BDA184B00F43C70 /* Embed Watch Content */ = {
			isa = PBXCopyFilesBuildPhase;
			buildActionMask = 2147483647;
			dstPath = "$(CONTENTS_FOLDER_PATH)/Watch";
			dstSubfolderSpec = 16;
			files = (
				3F0D2B5F2BDA184B00F43C70 /* WatchLandmarks Watch App.app in Embed Watch Content */,
			);
			name = "Embed Watch Content";
			runOnlyForDeploymentPostprocessing = 0;
		};
/* End PBXCopyFilesBuildPhase section */

/* Begin PBXFileReference section */
		3F0D2B522BDA184A00F43C70 /* WatchLandmarks Watch App.app */ = {isa = PBXFileReference; explicitFileType = wrapper.application; includeInIndex = 0; path = "WatchLandmarks Watch App.app"; sourceTree = BUILT_PRODUCTS_DIR; };
		3F0D2B562BDA184A00F43C70 /* ContentView.swift */ = {isa = PBXFileReference; lastKnownFileType = sourcecode.swift; path = ContentView.swift; sourceTree = "<group>"; };
		3F0D2B582BDA184B00F43C70 /* Assets.xcassets */ = {isa = PBXFileReference; lastKnownFileType = folder.assetcatalog; path = Assets.xcassets; sourceTree = "<group>"; };
		3F0D2B5B2BDA184B00F43C70 /* Preview Assets.xcassets */ = {isa = PBXFileReference; lastKnownFileType = folder.assetcatalog; path = "Preview Assets.xcassets"; sourceTree = "<group>"; };
		3F0D2B702BDA1BE400F43C70 /* LandmarkDetail.swift */ = {isa = PBXFileReference; lastKnownFileType = sourcecode.swift; path = LandmarkDetail.swift; sourceTree = "<group>"; };
		3F0D2B722BDA202500F43C70 /* NotificationView.swift */ = {isa = PBXFileReference; lastKnownFileType = sourcecode.swift; path = NotificationView.swift; sourceTree = "<group>"; };
		3F0D2B742BDA206E00F43C70 /* NotificationController.swift */ = {isa = PBXFileReference; lastKnownFileType = sourcecode.swift; path = NotificationController.swift; sourceTree = "<group>"; };
		3F0D2B762BDA216600F43C70 /* PushPushNotificationPayload.apns */ = {isa = PBXFileReference; lastKnownFileType = text; path = PushPushNotificationPayload.apns; sourceTree = "<group>"; };
		3F0D2B7B2BDA231800F43C70 /* MacLandmarks.app */ = {isa = PBXFileReference; explicitFileType = wrapper.application; includeInIndex = 0; path = MacLandmarks.app; sourceTree = BUILT_PRODUCTS_DIR; };
		3F0D2B7F2BDA231800F43C70 /* ContentView.swift */ = {isa = PBXFileReference; lastKnownFileType = sourcecode.swift; path = ContentView.swift; sourceTree = "<group>"; };
		3F0D2B812BDA231A00F43C70 /* Assets.xcassets */ = {isa = PBXFileReference; lastKnownFileType = folder.assetcatalog; path = Assets.xcassets; sourceTree = "<group>"; };
		3F0D2B842BDA231A00F43C70 /* Preview Assets.xcassets */ = {isa = PBXFileReference; lastKnownFileType = folder.assetcatalog; path = "Preview Assets.xcassets"; sourceTree = "<group>"; };
		3F0D2B862BDA231A00F43C70 /* MacLandmarks.entitlements */ = {isa = PBXFileReference; lastKnownFileType = text.plist.entitlements; path = MacLandmarks.entitlements; sourceTree = "<group>"; };
		3F0D2B972BDA255D00F43C70 /* LandmarkDetail.swift */ = {isa = PBXFileReference; lastKnownFileType = sourcecode.swift; path = LandmarkDetail.swift; sourceTree = SOURCE_ROOT; };
		3F0D2B992BDA281B00F43C70 /* LandmarkList.swift */ = {isa = PBXFileReference; lastKnownFileType = sourcecode.swift; path = LandmarkList.swift; sourceTree = "<group>"; };
		3F0D2B9B2BDA2AB200F43C70 /* LandmarkCommands.swift */ = {isa = PBXFileReference; lastKnownFileType = sourcecode.swift; path = LandmarkCommands.swift; sourceTree = "<group>"; };
		3F0D2BA02BDA2D5E00F43C70 /* LandmarkSettings.swift */ = {isa = PBXFileReference; lastKnownFileType = sourcecode.swift; path = LandmarkSettings.swift; sourceTree = "<group>"; };
		3F1CBADF2BD0D79F00DBD3FD /* Landmarks.app */ = {isa = PBXFileReference; explicitFileType = wrapper.application; includeInIndex = 0; path = Landmarks.app; sourceTree = BUILT_PRODUCTS_DIR; };
		3F1CBAE22BD0D79F00DBD3FD /* LandmarksApp.swift */ = {isa = PBXFileReference; lastKnownFileType = sourcecode.swift; path = LandmarksApp.swift; sourceTree = "<group>"; };
		3F1CBAE42BD0D79F00DBD3FD /* ContentView.swift */ = {isa = PBXFileReference; lastKnownFileType = sourcecode.swift; path = ContentView.swift; sourceTree = "<group>"; };
		3F1CBAE62BD0D7A000DBD3FD /* Assets.xcassets */ = {isa = PBXFileReference; lastKnownFileType = folder.assetcatalog; path = Assets.xcassets; sourceTree = "<group>"; };
		3F1CBAE92BD0D7A000DBD3FD /* Preview Assets.xcassets */ = {isa = PBXFileReference; lastKnownFileType = folder.assetcatalog; path = "Preview Assets.xcassets"; sourceTree = "<group>"; };
		3F1CBAEF2BD0D7A000DBD3FD /* LandmarksTests.xctest */ = {isa = PBXFileReference; explicitFileType = wrapper.cfbundle; includeInIndex = 0; path = LandmarksTests.xctest; sourceTree = BUILT_PRODUCTS_DIR; };
		3F1CBAF32BD0D7A000DBD3FD /* LandmarksTests.swift */ = {isa = PBXFileReference; lastKnownFileType = sourcecode.swift; path = LandmarksTests.swift; sourceTree = "<group>"; };
		3F1CBAF92BD0D7A000DBD3FD /* LandmarksUITests.xctest */ = {isa = PBXFileReference; explicitFileType = wrapper.cfbundle; includeInIndex = 0; path = LandmarksUITests.xctest; sourceTree = BUILT_PRODUCTS_DIR; };
		3F1CBAFD2BD0D7A000DBD3FD /* LandmarksUITests.swift */ = {isa = PBXFileReference; lastKnownFileType = sourcecode.swift; path = LandmarksUITests.swift; sourceTree = "<group>"; };
		3F1CBAFF2BD0D7A000DBD3FD /* LandmarksUITestsLaunchTests.swift */ = {isa = PBXFileReference; lastKnownFileType = sourcecode.swift; path = LandmarksUITestsLaunchTests.swift; sourceTree = "<group>"; };
		3F1CBB0E2BD0E68900DBD3FD /* CircleView.swift */ = {isa = PBXFileReference; lastKnownFileType = sourcecode.swift; path = CircleView.swift; sourceTree = "<group>"; };
		3F1CBB102BD0E75300DBD3FD /* MapView.swift */ = {isa = PBXFileReference; lastKnownFileType = sourcecode.swift; path = MapView.swift; sourceTree = "<group>"; };
		3F1CBB122BD0EA3C00DBD3FD /* landmarkData.json */ = {isa = PBXFileReference; fileEncoding = 4; lastKnownFileType = text.json; path = landmarkData.json; sourceTree = "<group>"; };
		3F1CBB162BD0EACD00DBD3FD /* Landmark.swift */ = {isa = PBXFileReference; lastKnownFileType = sourcecode.swift; path = Landmark.swift; sourceTree = "<group>"; };
		3F1CBB182BD0EE1000DBD3FD /* ModelData.swift */ = {isa = PBXFileReference; lastKnownFileType = sourcecode.swift; path = ModelData.swift; sourceTree = "<group>"; };
		3F1CBB1D2BD0EF5100DBD3FD /* LandmarkRow.swift */ = {isa = PBXFileReference; lastKnownFileType = sourcecode.swift; path = LandmarkRow.swift; sourceTree = "<group>"; };
		3F1CBB1F2BD0F10D00DBD3FD /* LandmarkList.swift */ = {isa = PBXFileReference; lastKnownFileType = sourcecode.swift; path = LandmarkList.swift; sourceTree = "<group>"; };
		3F1CBB212BD0F1D600DBD3FD /* LandmarkDetail.swift */ = {isa = PBXFileReference; lastKnownFileType = sourcecode.swift; path = LandmarkDetail.swift; sourceTree = "<group>"; };
		3F495DE62BD1FC40005DA8C9 /* FavoriteButton.swift */ = {isa = PBXFileReference; lastKnownFileType = sourcecode.swift; path = FavoriteButton.swift; sourceTree = "<group>"; };
		3F495DEA2BD1FE91005DA8C9 /* HexagonParameters.swift */ = {isa = PBXFileReference; lastKnownFileType = sourcecode.swift; path = HexagonParameters.swift; sourceTree = "<group>"; };
		3F495DEC2BD1FF90005DA8C9 /* BadgeBackground.swift */ = {isa = PBXFileReference; lastKnownFileType = sourcecode.swift; path = BadgeBackground.swift; sourceTree = "<group>"; };
		3F495DEE2BD20306005DA8C9 /* SwiftUIView.swift */ = {isa = PBXFileReference; lastKnownFileType = sourcecode.swift; path = SwiftUIView.swift; sourceTree = "<group>"; };
		3F495DF02BD20369005DA8C9 /* RotatedBadgeSymbol.swift */ = {isa = PBXFileReference; lastKnownFileType = sourcecode.swift; path = RotatedBadgeSymbol.swift; sourceTree = "<group>"; };
		3F495DF22BD203B0005DA8C9 /* BadgeSymbol.swift */ = {isa = PBXFileReference; lastKnownFileType = sourcecode.swift; path = BadgeSymbol.swift; sourceTree = "<group>"; };
		3F495DF42BD203FD005DA8C9 /* Badge.swift */ = {isa = PBXFileReference; lastKnownFileType = sourcecode.swift; path = Badge.swift; sourceTree = "<group>"; };
		3F495DF72BD20547005DA8C9 /* hikeData.json */ = {isa = PBXFileReference; fileEncoding = 4; lastKnownFileType = text.json; path = hikeData.json; sourceTree = "<group>"; };
		3F495DF92BD2055D005DA8C9 /* Hike.swift */ = {isa = PBXFileReference; lastKnownFileType = sourcecode.swift; path = Hike.swift; sourceTree = "<group>"; };
		3F495DFC2BD205DC005DA8C9 /* GraphCapsule.swift */ = {isa = PBXFileReference; fileEncoding = 4; lastKnownFileType = sourcecode.swift; path = GraphCapsule.swift; sourceTree = "<group>"; };
		3F495DFD2BD205DC005DA8C9 /* HikeGraph.swift */ = {isa = PBXFileReference; fileEncoding = 4; lastKnownFileType = sourcecode.swift; path = HikeGraph.swift; sourceTree = "<group>"; };
		3F495DFE2BD205DC005DA8C9 /* HikeDetail.swift */ = {isa = PBXFileReference; fileEncoding = 4; lastKnownFileType = sourcecode.swift; path = HikeDetail.swift; sourceTree = "<group>"; };
		3F495DFF2BD205DC005DA8C9 /* HikeView.swift */ = {isa = PBXFileReference; fileEncoding = 4; lastKnownFileType = sourcecode.swift; path = HikeView.swift; sourceTree = "<group>"; };
		3F495E052BD2099B005DA8C9 /* CategoryHome.swift */ = {isa = PBXFileReference; lastKnownFileType = sourcecode.swift; path = CategoryHome.swift; sourceTree = "<group>"; };
		3F495E072BD20B2F005DA8C9 /* CategoryRow.swift */ = {isa = PBXFileReference; lastKnownFileType = sourcecode.swift; path = CategoryRow.swift; sourceTree = "<group>"; };
		3F495E092BD20C7B005DA8C9 /* CategoryItem.swift */ = {isa = PBXFileReference; lastKnownFileType = sourcecode.swift; path = CategoryItem.swift; sourceTree = "<group>"; };
		3F495E0B2BD20FBA005DA8C9 /* Profile.swift */ = {isa = PBXFileReference; lastKnownFileType = sourcecode.swift; path = Profile.swift; sourceTree = "<group>"; };
		3F495E0E2BD210CA005DA8C9 /* ProfileHost.swift */ = {isa = PBXFileReference; lastKnownFileType = sourcecode.swift; path = ProfileHost.swift; sourceTree = "<group>"; };
		3F495E102BD21116005DA8C9 /* ProfileSummary.swift */ = {isa = PBXFileReference; lastKnownFileType = sourcecode.swift; path = ProfileSummary.swift; sourceTree = "<group>"; };
		3F495E122BD211B8005DA8C9 /* HikeBadge.swift */ = {isa = PBXFileReference; lastKnownFileType = sourcecode.swift; path = HikeBadge.swift; sourceTree = "<group>"; };
		3F495E142BD215C4005DA8C9 /* ProfileEditor.swift */ = {isa = PBXFileReference; lastKnownFileType = sourcecode.swift; path = ProfileEditor.swift; sourceTree = "<group>"; };
		3F495E172BD21847005DA8C9 /* PageViewController.swift */ = {isa = PBXFileReference; lastKnownFileType = sourcecode.swift; path = PageViewController.swift; sourceTree = "<group>"; };
		3F495E192BD218E6005DA8C9 /* FeatureCard.swift */ = {isa = PBXFileReference; lastKnownFileType = sourcecode.swift; path = FeatureCard.swift; sourceTree = "<group>"; };
		3F495E1B2BD21967005DA8C9 /* PageView.swift */ = {isa = PBXFileReference; lastKnownFileType = sourcecode.swift; path = PageView.swift; sourceTree = "<group>"; };
		3F495E1D2BD21BF0005DA8C9 /* PageControl.swift */ = {isa = PBXFileReference; lastKnownFileType = sourcecode.swift; path = PageControl.swift; sourceTree = "<group>"; };
/* End PBXFileReference section */

/* Begin PBXFrameworksBuildPhase section */
		3F0D2B4F2BDA184A00F43C70 /* Frameworks */ = {
			isa = PBXFrameworksBuildPhase;
			buildActionMask = 2147483647;
			files = (
			);
			runOnlyForDeploymentPostprocessing = 0;
		};
		3F0D2B782BDA231800F43C70 /* Frameworks */ = {
			isa = PBXFrameworksBuildPhase;
			buildActionMask = 2147483647;
			files = (
			);
			runOnlyForDeploymentPostprocessing = 0;
		};
		3F1CBADC2BD0D79F00DBD3FD /* Frameworks */ = {
			isa = PBXFrameworksBuildPhase;
			buildActionMask = 2147483647;
			files = (
			);
			runOnlyForDeploymentPostprocessing = 0;
		};
		3F1CBAEC2BD0D7A000DBD3FD /* Frameworks */ = {
			isa = PBXFrameworksBuildPhase;
			buildActionMask = 2147483647;
			files = (
			);
			runOnlyForDeploymentPostprocessing = 0;
		};
		3F1CBAF62BD0D7A000DBD3FD /* Frameworks */ = {
			isa = PBXFrameworksBuildPhase;
			buildActionMask = 2147483647;
			files = (
			);
			runOnlyForDeploymentPostprocessing = 0;
		};
/* End PBXFrameworksBuildPhase section */

/* Begin PBXGroup section */
		3F0D2B532BDA184A00F43C70 /* WatchLandmarks Watch App */ = {
			isa = PBXGroup;
			children = (
				3F0D2B562BDA184A00F43C70 /* ContentView.swift */,
				3F0D2B582BDA184B00F43C70 /* Assets.xcassets */,
				3F0D2B5A2BDA184B00F43C70 /* Preview Content */,
				3F0D2B702BDA1BE400F43C70 /* LandmarkDetail.swift */,
				3F0D2B722BDA202500F43C70 /* NotificationView.swift */,
				3F0D2B742BDA206E00F43C70 /* NotificationController.swift */,
				3F0D2B762BDA216600F43C70 /* PushPushNotificationPayload.apns */,
				3F0D2B992BDA281B00F43C70 /* LandmarkList.swift */,
			);
			path = "WatchLandmarks Watch App";
			sourceTree = "<group>";
		};
		3F0D2B5A2BDA184B00F43C70 /* Preview Content */ = {
			isa = PBXGroup;
			children = (
				3F0D2B5B2BDA184B00F43C70 /* Preview Assets.xcassets */,
			);
			path = "Preview Content";
			sourceTree = "<group>";
		};
		3F0D2B7C2BDA231800F43C70 /* MacLandmarks */ = {
			isa = PBXGroup;
			children = (
				3F0D2B7F2BDA231800F43C70 /* ContentView.swift */,
				3F0D2B812BDA231A00F43C70 /* Assets.xcassets */,
				3F0D2B862BDA231A00F43C70 /* MacLandmarks.entitlements */,
				3F0D2B832BDA231A00F43C70 /* Preview Content */,
				3F0D2B972BDA255D00F43C70 /* LandmarkDetail.swift */,
				3F0D2B9B2BDA2AB200F43C70 /* LandmarkCommands.swift */,
				3F0D2BA02BDA2D5E00F43C70 /* LandmarkSettings.swift */,
			);
			path = MacLandmarks;
			sourceTree = "<group>";
		};
		3F0D2B832BDA231A00F43C70 /* Preview Content */ = {
			isa = PBXGroup;
			children = (
				3F0D2B842BDA231A00F43C70 /* Preview Assets.xcassets */,
			);
			path = "Preview Content";
			sourceTree = "<group>";
		};
		3F1CBAD62BD0D79F00DBD3FD = {
			isa = PBXGroup;
			children = (
				3F1CBAE12BD0D79F00DBD3FD /* Landmarks */,
				3F1CBAF22BD0D7A000DBD3FD /* LandmarksTests */,
				3F1CBAFC2BD0D7A000DBD3FD /* LandmarksUITests */,
				3F0D2B532BDA184A00F43C70 /* WatchLandmarks Watch App */,
				3F0D2B7C2BDA231800F43C70 /* MacLandmarks */,
				3F1CBAE02BD0D79F00DBD3FD /* Products */,
			);
			sourceTree = "<group>";
		};
		3F1CBAE02BD0D79F00DBD3FD /* Products */ = {
			isa = PBXGroup;
			children = (
				3F1CBADF2BD0D79F00DBD3FD /* Landmarks.app */,
				3F1CBAEF2BD0D7A000DBD3FD /* LandmarksTests.xctest */,
				3F1CBAF92BD0D7A000DBD3FD /* LandmarksUITests.xctest */,
				3F0D2B522BDA184A00F43C70 /* WatchLandmarks Watch App.app */,
				3F0D2B7B2BDA231800F43C70 /* MacLandmarks.app */,
			);
			name = Products;
			sourceTree = "<group>";
		};
		3F1CBAE12BD0D79F00DBD3FD /* Landmarks */ = {
			isa = PBXGroup;
			children = (
				3F1CBB1C2BD0EF3000DBD3FD /* Model */,
				3F1CBB1B2BD0EF1D00DBD3FD /* Resources */,
				3F1CBB1A2BD0EF0600DBD3FD /* Views */,
				3F1CBAE22BD0D79F00DBD3FD /* LandmarksApp.swift */,
				3F1CBAE62BD0D7A000DBD3FD /* Assets.xcassets */,
				3F1CBAE82BD0D7A000DBD3FD /* Preview Content */,
			);
			path = Landmarks;
			sourceTree = "<group>";
		};
		3F1CBAE82BD0D7A000DBD3FD /* Preview Content */ = {
			isa = PBXGroup;
			children = (
				3F1CBAE92BD0D7A000DBD3FD /* Preview Assets.xcassets */,
			);
			path = "Preview Content";
			sourceTree = "<group>";
		};
		3F1CBAF22BD0D7A000DBD3FD /* LandmarksTests */ = {
			isa = PBXGroup;
			children = (
				3F1CBAF32BD0D7A000DBD3FD /* LandmarksTests.swift */,
			);
			path = LandmarksTests;
			sourceTree = "<group>";
		};
		3F1CBAFC2BD0D7A000DBD3FD /* LandmarksUITests */ = {
			isa = PBXGroup;
			children = (
				3F1CBAFD2BD0D7A000DBD3FD /* LandmarksUITests.swift */,
				3F1CBAFF2BD0D7A000DBD3FD /* LandmarksUITestsLaunchTests.swift */,
			);
			path = LandmarksUITests;
			sourceTree = "<group>";
		};
		3F1CBB1A2BD0EF0600DBD3FD /* Views */ = {
			isa = PBXGroup;
			children = (
				3F495E162BD217F8005DA8C9 /* PageView */,
				3F495E0D2BD210B9005DA8C9 /* Profiles */,
				3F495E042BD2098E005DA8C9 /* Categories */,
				3F495DFB2BD205DC005DA8C9 /* Hikes */,
				3F495DF62BD2049E005DA8C9 /* Badges */,
				3F495DE92BD1FCCB005DA8C9 /* Helper */,
				3F495DE82BD1FCC5005DA8C9 /* Landmarks */,
				3F1CBAE42BD0D79F00DBD3FD /* ContentView.swift */,
				3F495DEE2BD20306005DA8C9 /* SwiftUIView.swift */,
			);
			path = Views;
			sourceTree = "<group>";
		};
		3F1CBB1B2BD0EF1D00DBD3FD /* Resources */ = {
			isa = PBXGroup;
			children = (
				3F1CBB122BD0EA3C00DBD3FD /* landmarkData.json */,
				3F495DF72BD20547005DA8C9 /* hikeData.json */,
			);
			path = Resources;
			sourceTree = "<group>";
		};
		3F1CBB1C2BD0EF3000DBD3FD /* Model */ = {
			isa = PBXGroup;
			children = (
				3F1CBB162BD0EACD00DBD3FD /* Landmark.swift */,
				3F1CBB182BD0EE1000DBD3FD /* ModelData.swift */,
				3F495DF92BD2055D005DA8C9 /* Hike.swift */,
				3F495E0B2BD20FBA005DA8C9 /* Profile.swift */,
			);
			path = Model;
			sourceTree = "<group>";
		};
		3F495DE82BD1FCC5005DA8C9 /* Landmarks */ = {
			isa = PBXGroup;
			children = (
				3F1CBB1D2BD0EF5100DBD3FD /* LandmarkRow.swift */,
				3F1CBB1F2BD0F10D00DBD3FD /* LandmarkList.swift */,
				3F1CBB212BD0F1D600DBD3FD /* LandmarkDetail.swift */,
			);
			path = Landmarks;
			sourceTree = "<group>";
		};
		3F495DE92BD1FCCB005DA8C9 /* Helper */ = {
			isa = PBXGroup;
			children = (
				3F1CBB0E2BD0E68900DBD3FD /* CircleView.swift */,
				3F1CBB102BD0E75300DBD3FD /* MapView.swift */,
				3F495DE62BD1FC40005DA8C9 /* FavoriteButton.swift */,
				3F495E192BD218E6005DA8C9 /* FeatureCard.swift */,
			);
			path = Helper;
			sourceTree = "<group>";
		};
		3F495DF62BD2049E005DA8C9 /* Badges */ = {
			isa = PBXGroup;
			children = (
				3F495DF22BD203B0005DA8C9 /* BadgeSymbol.swift */,
				3F495DF02BD20369005DA8C9 /* RotatedBadgeSymbol.swift */,
				3F495DEC2BD1FF90005DA8C9 /* BadgeBackground.swift */,
				3F495DEA2BD1FE91005DA8C9 /* HexagonParameters.swift */,
				3F495DF42BD203FD005DA8C9 /* Badge.swift */,
			);
			path = Badges;
			sourceTree = "<group>";
		};
		3F495DFB2BD205DC005DA8C9 /* Hikes */ = {
			isa = PBXGroup;
			children = (
				3F495DFC2BD205DC005DA8C9 /* GraphCapsule.swift */,
				3F495DFD2BD205DC005DA8C9 /* HikeGraph.swift */,
				3F495DFE2BD205DC005DA8C9 /* HikeDetail.swift */,
				3F495DFF2BD205DC005DA8C9 /* HikeView.swift */,
				3F495E122BD211B8005DA8C9 /* HikeBadge.swift */,
			);
			path = Hikes;
			sourceTree = "<group>";
		};
		3F495E042BD2098E005DA8C9 /* Categories */ = {
			isa = PBXGroup;
			children = (
				3F495E052BD2099B005DA8C9 /* CategoryHome.swift */,
				3F495E072BD20B2F005DA8C9 /* CategoryRow.swift */,
				3F495E092BD20C7B005DA8C9 /* CategoryItem.swift */,
			);
			path = Categories;
			sourceTree = "<group>";
		};
		3F495E0D2BD210B9005DA8C9 /* Profiles */ = {
			isa = PBXGroup;
			children = (
				3F495E0E2BD210CA005DA8C9 /* ProfileHost.swift */,
				3F495E102BD21116005DA8C9 /* ProfileSummary.swift */,
				3F495E142BD215C4005DA8C9 /* ProfileEditor.swift */,
			);
			path = Profiles;
			sourceTree = "<group>";
		};
		3F495E162BD217F8005DA8C9 /* PageView */ = {
			isa = PBXGroup;
			children = (
				3F495E172BD21847005DA8C9 /* PageViewController.swift */,
				3F495E1B2BD21967005DA8C9 /* PageView.swift */,
				3F495E1D2BD21BF0005DA8C9 /* PageControl.swift */,
			);
			path = PageView;
			sourceTree = "<group>";
		};
/* End PBXGroup section */

/* Begin PBXNativeTarget section */
		3F0D2B512BDA184A00F43C70 /* WatchLandmarks Watch App */ = {
			isa = PBXNativeTarget;
			buildConfigurationList = 3F0D2B602BDA184B00F43C70 /* Build configuration list for PBXNativeTarget "WatchLandmarks Watch App" */;
			buildPhases = (
				3F0D2B4E2BDA184A00F43C70 /* Sources */,
				3F0D2B4F2BDA184A00F43C70 /* Frameworks */,
				3F0D2B502BDA184A00F43C70 /* Resources */,
			);
			buildRules = (
			);
			dependencies = (
			);
			name = "WatchLandmarks Watch App";
			productName = "WatchLandmarks Watch App";
			productReference = 3F0D2B522BDA184A00F43C70 /* WatchLandmarks Watch App.app */;
			productType = "com.apple.product-type.application";
		};
		3F0D2B7A2BDA231800F43C70 /* MacLandmarks */ = {
			isa = PBXNativeTarget;
			buildConfigurationList = 3F0D2B872BDA231A00F43C70 /* Build configuration list for PBXNativeTarget "MacLandmarks" */;
			buildPhases = (
				3F0D2B772BDA231800F43C70 /* Sources */,
				3F0D2B782BDA231800F43C70 /* Frameworks */,
				3F0D2B792BDA231800F43C70 /* Resources */,
			);
			buildRules = (
			);
			dependencies = (
			);
			name = MacLandmarks;
			productName = MacLandmarks;
			productReference = 3F0D2B7B2BDA231800F43C70 /* MacLandmarks.app */;
			productType = "com.apple.product-type.application";
		};
		3F1CBADE2BD0D79F00DBD3FD /* Landmarks */ = {
			isa = PBXNativeTarget;
			buildConfigurationList = 3F1CBB032BD0D7A000DBD3FD /* Build configuration list for PBXNativeTarget "Landmarks" */;
			buildPhases = (
				3F1CBADB2BD0D79F00DBD3FD /* Sources */,
				3F1CBADC2BD0D79F00DBD3FD /* Frameworks */,
				3F1CBADD2BD0D79F00DBD3FD /* Resources */,
				3F0D2B632BDA184B00F43C70 /* Embed Watch Content */,
			);
			buildRules = (
			);
			dependencies = (
				3F0D2B5E2BDA184B00F43C70 /* PBXTargetDependency */,
			);
			name = Landmarks;
			productName = Landmarks;
			productReference = 3F1CBADF2BD0D79F00DBD3FD /* Landmarks.app */;
			productType = "com.apple.product-type.application";
		};
		3F1CBAEE2BD0D7A000DBD3FD /* LandmarksTests */ = {
			isa = PBXNativeTarget;
			buildConfigurationList = 3F1CBB062BD0D7A000DBD3FD /* Build configuration list for PBXNativeTarget "LandmarksTests" */;
			buildPhases = (
				3F1CBAEB2BD0D7A000DBD3FD /* Sources */,
				3F1CBAEC2BD0D7A000DBD3FD /* Frameworks */,
				3F1CBAED2BD0D7A000DBD3FD /* Resources */,
			);
			buildRules = (
			);
			dependencies = (
				3F1CBAF12BD0D7A000DBD3FD /* PBXTargetDependency */,
			);
			name = LandmarksTests;
			productName = LandmarksTests;
			productReference = 3F1CBAEF2BD0D7A000DBD3FD /* LandmarksTests.xctest */;
			productType = "com.apple.product-type.bundle.unit-test";
		};
		3F1CBAF82BD0D7A000DBD3FD /* LandmarksUITests */ = {
			isa = PBXNativeTarget;
			buildConfigurationList = 3F1CBB092BD0D7A000DBD3FD /* Build configuration list for PBXNativeTarget "LandmarksUITests" */;
			buildPhases = (
				3F1CBAF52BD0D7A000DBD3FD /* Sources */,
				3F1CBAF62BD0D7A000DBD3FD /* Frameworks */,
				3F1CBAF72BD0D7A000DBD3FD /* Resources */,
			);
			buildRules = (
			);
			dependencies = (
				3F1CBAFB2BD0D7A000DBD3FD /* PBXTargetDependency */,
			);
			name = LandmarksUITests;
			productName = LandmarksUITests;
			productReference = 3F1CBAF92BD0D7A000DBD3FD /* LandmarksUITests.xctest */;
			productType = "com.apple.product-type.bundle.ui-testing";
		};
/* End PBXNativeTarget section */

/* Begin PBXProject section */
		3F1CBAD72BD0D79F00DBD3FD /* Project object */ = {
			isa = PBXProject;
			attributes = {
				BuildIndependentTargetsInParallel = 1;
				LastSwiftUpdateCheck = 1530;
				LastUpgradeCheck = 1520;
				TargetAttributes = {
					3F0D2B512BDA184A00F43C70 = {
						CreatedOnToolsVersion = 15.3;
					};
					3F0D2B7A2BDA231800F43C70 = {
						CreatedOnToolsVersion = 15.3;
					};
					3F1CBADE2BD0D79F00DBD3FD = {
						CreatedOnToolsVersion = 15.2;
					};
					3F1CBAEE2BD0D7A000DBD3FD = {
						CreatedOnToolsVersion = 15.2;
						TestTargetID = 3F1CBADE2BD0D79F00DBD3FD;
					};
					3F1CBAF82BD0D7A000DBD3FD = {
						CreatedOnToolsVersion = 15.2;
						TestTargetID = 3F1CBADE2BD0D79F00DBD3FD;
					};
				};
			};
			buildConfigurationList = 3F1CBADA2BD0D79F00DBD3FD /* Build configuration list for PBXProject "Landmarks" */;
			compatibilityVersion = "Xcode 14.0";
			developmentRegion = en;
			hasScannedForEncodings = 0;
			knownRegions = (
				en,
				Base,
			);
			mainGroup = 3F1CBAD62BD0D79F00DBD3FD;
			productRefGroup = 3F1CBAE02BD0D79F00DBD3FD /* Products */;
			projectDirPath = "";
			projectRoot = "";
			targets = (
				3F1CBADE2BD0D79F00DBD3FD /* Landmarks */,
				3F1CBAEE2BD0D7A000DBD3FD /* LandmarksTests */,
				3F1CBAF82BD0D7A000DBD3FD /* LandmarksUITests */,
				3F0D2B512BDA184A00F43C70 /* WatchLandmarks Watch App */,
				3F0D2B7A2BDA231800F43C70 /* MacLandmarks */,
			);
		};
/* End PBXProject section */

/* Begin PBXResourcesBuildPhase section */
		3F0D2B502BDA184A00F43C70 /* Resources */ = {
			isa = PBXResourcesBuildPhase;
			buildActionMask = 2147483647;
			files = (
				3F0D2B642BDA1B3000F43C70 /* Assets.xcassets in Resources */,
				3F0D2B652BDA1B3000F43C70 /* landmarkData.json in Resources */,
				3F0D2B662BDA1B3000F43C70 /* hikeData.json in Resources */,
				3F0D2B5C2BDA184B00F43C70 /* Preview Assets.xcassets in Resources */,
				3F0D2B592BDA184B00F43C70 /* Assets.xcassets in Resources */,
			);
			runOnlyForDeploymentPostprocessing = 0;
		};
		3F0D2B792BDA231800F43C70 /* Resources */ = {
			isa = PBXResourcesBuildPhase;
			buildActionMask = 2147483647;
			files = (
				3F0D2B8A2BDA238800F43C70 /* Assets.xcassets in Resources */,
				3F0D2B8B2BDA238800F43C70 /* landmarkData.json in Resources */,
				3F0D2B8C2BDA238800F43C70 /* hikeData.json in Resources */,
				3F0D2B852BDA231A00F43C70 /* Preview Assets.xcassets in Resources */,
				3F0D2B822BDA231A00F43C70 /* Assets.xcassets in Resources */,
			);
			runOnlyForDeploymentPostprocessing = 0;
		};
		3F1CBADD2BD0D79F00DBD3FD /* Resources */ = {
			isa = PBXResourcesBuildPhase;
			buildActionMask = 2147483647;
			files = (
				3F495DF82BD20547005DA8C9 /* hikeData.json in Resources */,
				3F1CBAEA2BD0D7A000DBD3FD /* Preview Assets.xcassets in Resources */,
				3F1CBAE72BD0D7A000DBD3FD /* Assets.xcassets in Resources */,
				3F1CBB132BD0EA3C00DBD3FD /* landmarkData.json in Resources */,
			);
			runOnlyForDeploymentPostprocessing = 0;
		};
		3F1CBAED2BD0D7A000DBD3FD /* Resources */ = {
			isa = PBXResourcesBuildPhase;
			buildActionMask = 2147483647;
			files = (
			);
			runOnlyForDeploymentPostprocessing = 0;
		};
		3F1CBAF72BD0D7A000DBD3FD /* Resources */ = {
			isa = PBXResourcesBuildPhase;
			buildActionMask = 2147483647;
			files = (
			);
			runOnlyForDeploymentPostprocessing = 0;
		};
/* End PBXResourcesBuildPhase section */

/* Begin PBXSourcesBuildPhase section */
		3F0D2B4E2BDA184A00F43C70 /* Sources */ = {
			isa = PBXSourcesBuildPhase;
			buildActionMask = 2147483647;
			files = (
				3F0D2B672BDA1B3000F43C70 /* Profile.swift in Sources */,
				3F0D2B682BDA1B3000F43C70 /* LandmarkRow.swift in Sources */,
				3F0D2B692BDA1B3000F43C70 /* Hike.swift in Sources */,
				3F0D2B9A2BDA281B00F43C70 /* LandmarkList.swift in Sources */,
				3F0D2B6B2BDA1B3000F43C70 /* ModelData.swift in Sources */,
				3F0D2B6C2BDA1B3000F43C70 /* CircleView.swift in Sources */,
				3F0D2B6D2BDA1B3000F43C70 /* MapView.swift in Sources */,
				3F0D2B6E2BDA1B3000F43C70 /* Landmark.swift in Sources */,
				3F0D2B6F2BDA1B3000F43C70 /* LandmarksApp.swift in Sources */,
				3F0D2B752BDA206E00F43C70 /* NotificationController.swift in Sources */,
				3F0D2B572BDA184A00F43C70 /* ContentView.swift in Sources */,
				3F0D2B712BDA1BE400F43C70 /* LandmarkDetail.swift in Sources */,
				3F0D2B732BDA202500F43C70 /* NotificationView.swift in Sources */,
			);
			runOnlyForDeploymentPostprocessing = 0;
		};
		3F0D2B772BDA231800F43C70 /* Sources */ = {
			isa = PBXSourcesBuildPhase;
			buildActionMask = 2147483647;
			files = (
				3F0D2B802BDA231800F43C70 /* ContentView.swift in Sources */,
				3F0D2B8D2BDA238800F43C70 /* CircleView.swift in Sources */,
				3F0D2BA12BDA2D5E00F43C70 /* LandmarkSettings.swift in Sources */,
				3F0D2B8E2BDA238800F43C70 /* MapView.swift in Sources */,
				3F0D2B8F2BDA238800F43C70 /* FavoriteButton.swift in Sources */,
				3F0D2B9D2BDA2AB200F43C70 /* LandmarkCommands.swift in Sources */,
				3F0D2B982BDA255D00F43C70 /* LandmarkDetail.swift in Sources */,
				3F0D2B902BDA238800F43C70 /* Profile.swift in Sources */,
				3F0D2B912BDA238800F43C70 /* Landmark.swift in Sources */,
				3F0D2B922BDA238800F43C70 /* Hike.swift in Sources */,
				3F0D2B932BDA238800F43C70 /* ModelData.swift in Sources */,
				3F0D2B942BDA238800F43C70 /* LandmarkRow.swift in Sources */,
				3F0D2B952BDA238800F43C70 /* LandmarksApp.swift in Sources */,
				3F0D2B962BDA238800F43C70 /* LandmarkList.swift in Sources */,
			);
			runOnlyForDeploymentPostprocessing = 0;
		};
		3F1CBADB2BD0D79F00DBD3FD /* Sources */ = {
			isa = PBXSourcesBuildPhase;
			buildActionMask = 2147483647;
			files = (
				3F495DFA2BD2055D005DA8C9 /* Hike.swift in Sources */,
				3F495E1C2BD21967005DA8C9 /* PageView.swift in Sources */,
				3F495DEF2BD20306005DA8C9 /* SwiftUIView.swift in Sources */,
				3F1CBB0F2BD0E68900DBD3FD /* CircleView.swift in Sources */,
				3F1CBB112BD0E75300DBD3FD /* MapView.swift in Sources */,
				3F495E062BD2099B005DA8C9 /* CategoryHome.swift in Sources */,
				3F495E0F2BD210CA005DA8C9 /* ProfileHost.swift in Sources */,
				3F495E132BD211B8005DA8C9 /* HikeBadge.swift in Sources */,
				3F495E1E2BD21BF0005DA8C9 /* PageControl.swift in Sources */,
				3F495E012BD205DC005DA8C9 /* HikeGraph.swift in Sources */,
				3F495E082BD20B2F005DA8C9 /* CategoryRow.swift in Sources */,
				3F1CBAE52BD0D79F00DBD3FD /* ContentView.swift in Sources */,
				3F495E1A2BD218E6005DA8C9 /* FeatureCard.swift in Sources */,
				3F495DE72BD1FC40005DA8C9 /* FavoriteButton.swift in Sources */,
				3F495DF12BD20369005DA8C9 /* RotatedBadgeSymbol.swift in Sources */,
				3F495E112BD21116005DA8C9 /* ProfileSummary.swift in Sources */,
				3F495E152BD215C4005DA8C9 /* ProfileEditor.swift in Sources */,
				3F495E0A2BD20C7B005DA8C9 /* CategoryItem.swift in Sources */,
				3F495DEB2BD1FE91005DA8C9 /* HexagonParameters.swift in Sources */,
				3F0D2B9C2BDA2AB200F43C70 /* LandmarkCommands.swift in Sources */,
				3F1CBB202BD0F10D00DBD3FD /* LandmarkList.swift in Sources */,
				3F495DF32BD203B0005DA8C9 /* BadgeSymbol.swift in Sources */,
				3F495DF52BD203FD005DA8C9 /* Badge.swift in Sources */,
				3F1CBB222BD0F1D600DBD3FD /* LandmarkDetail.swift in Sources */,
				3F495E0C2BD20FBA005DA8C9 /* Profile.swift in Sources */,
				3F495E182BD21847005DA8C9 /* PageViewController.swift in Sources */,
				3F495DED2BD1FF90005DA8C9 /* BadgeBackground.swift in Sources */,
				3F1CBAE32BD0D79F00DBD3FD /* LandmarksApp.swift in Sources */,
				3F495E002BD205DC005DA8C9 /* GraphCapsule.swift in Sources */,
				3F495E032BD205DC005DA8C9 /* HikeView.swift in Sources */,
				3F1CBB172BD0EACD00DBD3FD /* Landmark.swift in Sources */,
				3F1CBB1E2BD0EF5100DBD3FD /* LandmarkRow.swift in Sources */,
				3F1CBB192BD0EE1000DBD3FD /* ModelData.swift in Sources */,
				3F495E022BD205DC005DA8C9 /* HikeDetail.swift in Sources */,
			);
			runOnlyForDeploymentPostprocessing = 0;
		};
		3F1CBAEB2BD0D7A000DBD3FD /* Sources */ = {
			isa = PBXSourcesBuildPhase;
			buildActionMask = 2147483647;
			files = (
				3F1CBAF42BD0D7A000DBD3FD /* LandmarksTests.swift in Sources */,
			);
			runOnlyForDeploymentPostprocessing = 0;
		};
		3F1CBAF52BD0D7A000DBD3FD /* Sources */ = {
			isa = PBXSourcesBuildPhase;
			buildActionMask = 2147483647;
			files = (
				3F1CBB002BD0D7A000DBD3FD /* LandmarksUITestsLaunchTests.swift in Sources */,
				3F1CBAFE2BD0D7A000DBD3FD /* LandmarksUITests.swift in Sources */,
			);
			runOnlyForDeploymentPostprocessing = 0;
		};
/* End PBXSourcesBuildPhase section */

/* Begin PBXTargetDependency section */
		3F0D2B5E2BDA184B00F43C70 /* PBXTargetDependency */ = {
			isa = PBXTargetDependency;
			target = 3F0D2B512BDA184A00F43C70 /* WatchLandmarks Watch App */;
			targetProxy = 3F0D2B5D2BDA184B00F43C70 /* PBXContainerItemProxy */;
		};
		3F1CBAF12BD0D7A000DBD3FD /* PBXTargetDependency */ = {
			isa = PBXTargetDependency;
			target = 3F1CBADE2BD0D79F00DBD3FD /* Landmarks */;
			targetProxy = 3F1CBAF02BD0D7A000DBD3FD /* PBXContainerItemProxy */;
		};
		3F1CBAFB2BD0D7A000DBD3FD /* PBXTargetDependency */ = {
			isa = PBXTargetDependency;
			target = 3F1CBADE2BD0D79F00DBD3FD /* Landmarks */;
			targetProxy = 3F1CBAFA2BD0D7A000DBD3FD /* PBXContainerItemProxy */;
		};
/* End PBXTargetDependency section */

/* Begin XCBuildConfiguration section */
		3F0D2B612BDA184B00F43C70 /* Debug */ = {
			isa = XCBuildConfiguration;
			buildSettings = {
				ASSETCATALOG_COMPILER_APPICON_NAME = AppIcon;
				ASSETCATALOG_COMPILER_GLOBAL_ACCENT_COLOR_NAME = AccentColor;
				CODE_SIGN_STYLE = Automatic;
				CURRENT_PROJECT_VERSION = 1;
				DEVELOPMENT_ASSET_PATHS = "\"WatchLandmarks Watch App/Preview Content\"";
				ENABLE_PREVIEWS = YES;
				GENERATE_INFOPLIST_FILE = YES;
				INFOPLIST_KEY_CFBundleDisplayName = WatchLandmarks;
				INFOPLIST_KEY_UISupportedInterfaceOrientations = "UIInterfaceOrientationPortrait UIInterfaceOrientationPortraitUpsideDown";
				INFOPLIST_KEY_WKCompanionAppBundleIdentifier = rafi.Landmarks;
				INFOPLIST_KEY_WKRunsIndependentlyOfCompanionApp = YES;
				LD_RUNPATH_SEARCH_PATHS = (
					"$(inherited)",
					"@executable_path/Frameworks",
				);
				MARKETING_VERSION = 1.0;
				PRODUCT_BUNDLE_IDENTIFIER = rafi.Landmarks.watchkitapp;
				PRODUCT_NAME = "$(TARGET_NAME)";
				SDKROOT = watchos;
				SKIP_INSTALL = YES;
				SWIFT_EMIT_LOC_STRINGS = YES;
				SWIFT_VERSION = 5.0;
				TARGETED_DEVICE_FAMILY = 4;
				WATCHOS_DEPLOYMENT_TARGET = 10.4;
			};
			name = Debug;
		};
		3F0D2B622BDA184B00F43C70 /* Release */ = {
			isa = XCBuildConfiguration;
			buildSettings = {
				ASSETCATALOG_COMPILER_APPICON_NAME = AppIcon;
				ASSETCATALOG_COMPILER_GLOBAL_ACCENT_COLOR_NAME = AccentColor;
				CODE_SIGN_STYLE = Automatic;
				CURRENT_PROJECT_VERSION = 1;
				DEVELOPMENT_ASSET_PATHS = "\"WatchLandmarks Watch App/Preview Content\"";
				ENABLE_PREVIEWS = YES;
				GENERATE_INFOPLIST_FILE = YES;
				INFOPLIST_KEY_CFBundleDisplayName = WatchLandmarks;
				INFOPLIST_KEY_UISupportedInterfaceOrientations = "UIInterfaceOrientationPortrait UIInterfaceOrientationPortraitUpsideDown";
				INFOPLIST_KEY_WKCompanionAppBundleIdentifier = rafi.Landmarks;
				INFOPLIST_KEY_WKRunsIndependentlyOfCompanionApp = YES;
				LD_RUNPATH_SEARCH_PATHS = (
					"$(inherited)",
					"@executable_path/Frameworks",
				);
				MARKETING_VERSION = 1.0;
				PRODUCT_BUNDLE_IDENTIFIER = rafi.Landmarks.watchkitapp;
				PRODUCT_NAME = "$(TARGET_NAME)";
				SDKROOT = watchos;
				SKIP_INSTALL = YES;
				SWIFT_EMIT_LOC_STRINGS = YES;
				SWIFT_VERSION = 5.0;
				TARGETED_DEVICE_FAMILY = 4;
				WATCHOS_DEPLOYMENT_TARGET = 10.4;
			};
			name = Release;
		};
		3F0D2B882BDA231A00F43C70 /* Debug */ = {
			isa = XCBuildConfiguration;
			buildSettings = {
				ASSETCATALOG_COMPILER_APPICON_NAME = AppIcon;
				ASSETCATALOG_COMPILER_GLOBAL_ACCENT_COLOR_NAME = AccentColor;
				CODE_SIGN_ENTITLEMENTS = MacLandmarks/MacLandmarks.entitlements;
				CODE_SIGN_STYLE = Automatic;
				COMBINE_HIDPI_IMAGES = YES;
				CURRENT_PROJECT_VERSION = 1;
				DEVELOPMENT_ASSET_PATHS = "\"MacLandmarks/Preview Content\"";
				ENABLE_PREVIEWS = YES;
				GENERATE_INFOPLIST_FILE = YES;
				INFOPLIST_KEY_NSHumanReadableCopyright = "";
				LD_RUNPATH_SEARCH_PATHS = (
					"$(inherited)",
					"@executable_path/../Frameworks",
				);
				MACOSX_DEPLOYMENT_TARGET = 14.4;
				MARKETING_VERSION = 1.0;
				PRODUCT_BUNDLE_IDENTIFIER = landmark.MacLandmarks;
				PRODUCT_NAME = "$(TARGET_NAME)";
				SDKROOT = macosx;
				SWIFT_EMIT_LOC_STRINGS = YES;
				SWIFT_VERSION = 5.0;
			};
			name = Debug;
		};
		3F0D2B892BDA231A00F43C70 /* Release */ = {
			isa = XCBuildConfiguration;
			buildSettings = {
				ASSETCATALOG_COMPILER_APPICON_NAME = AppIcon;
				ASSETCATALOG_COMPILER_GLOBAL_ACCENT_COLOR_NAME = AccentColor;
				CODE_SIGN_ENTITLEMENTS = MacLandmarks/MacLandmarks.entitlements;
				CODE_SIGN_STYLE = Automatic;
				COMBINE_HIDPI_IMAGES = YES;
				CURRENT_PROJECT_VERSION = 1;
				DEVELOPMENT_ASSET_PATHS = "\"MacLandmarks/Preview Content\"";
				ENABLE_PREVIEWS = YES;
				GENERATE_INFOPLIST_FILE = YES;
				INFOPLIST_KEY_NSHumanReadableCopyright = "";
				LD_RUNPATH_SEARCH_PATHS = (
					"$(inherited)",
					"@executable_path/../Frameworks",
				);
				MACOSX_DEPLOYMENT_TARGET = 14.4;
				MARKETING_VERSION = 1.0;
				PRODUCT_BUNDLE_IDENTIFIER = landmark.MacLandmarks;
				PRODUCT_NAME = "$(TARGET_NAME)";
				SDKROOT = macosx;
				SWIFT_EMIT_LOC_STRINGS = YES;
				SWIFT_VERSION = 5.0;
			};
			name = Release;
		};
		3F1CBB012BD0D7A000DBD3FD /* Debug */ = {
			isa = XCBuildConfiguration;
			buildSettings = {
				ALWAYS_SEARCH_USER_PATHS = NO;
				ASSETCATALOG_COMPILER_GENERATE_SWIFT_ASSET_SYMBOL_EXTENSIONS = YES;
				CLANG_ANALYZER_NONNULL = YES;
				CLANG_ANALYZER_NUMBER_OBJECT_CONVERSION = YES_AGGRESSIVE;
				CLANG_CXX_LANGUAGE_STANDARD = "gnu++20";
				CLANG_ENABLE_MODULES = YES;
				CLANG_ENABLE_OBJC_ARC = YES;
				CLANG_ENABLE_OBJC_WEAK = YES;
				CLANG_WARN_BLOCK_CAPTURE_AUTORELEASING = YES;
				CLANG_WARN_BOOL_CONVERSION = YES;
				CLANG_WARN_COMMA = YES;
				CLANG_WARN_CONSTANT_CONVERSION = YES;
				CLANG_WARN_DEPRECATED_OBJC_IMPLEMENTATIONS = YES;
				CLANG_WARN_DIRECT_OBJC_ISA_USAGE = YES_ERROR;
				CLANG_WARN_DOCUMENTATION_COMMENTS = YES;
				CLANG_WARN_EMPTY_BODY = YES;
				CLANG_WARN_ENUM_CONVERSION = YES;
				CLANG_WARN_INFINITE_RECURSION = YES;
				CLANG_WARN_INT_CONVERSION = YES;
				CLANG_WARN_NON_LITERAL_NULL_CONVERSION = YES;
				CLANG_WARN_OBJC_IMPLICIT_RETAIN_SELF = YES;
				CLANG_WARN_OBJC_LITERAL_CONVERSION = YES;
				CLANG_WARN_OBJC_ROOT_CLASS = YES_ERROR;
				CLANG_WARN_QUOTED_INCLUDE_IN_FRAMEWORK_HEADER = YES;
				CLANG_WARN_RANGE_LOOP_ANALYSIS = YES;
				CLANG_WARN_STRICT_PROTOTYPES = YES;
				CLANG_WARN_SUSPICIOUS_MOVE = YES;
				CLANG_WARN_UNGUARDED_AVAILABILITY = YES_AGGRESSIVE;
				CLANG_WARN_UNREACHABLE_CODE = YES;
				CLANG_WARN__DUPLICATE_METHOD_MATCH = YES;
				COPY_PHASE_STRIP = NO;
				DEBUG_INFORMATION_FORMAT = dwarf;
				ENABLE_STRICT_OBJC_MSGSEND = YES;
				ENABLE_TESTABILITY = YES;
				ENABLE_USER_SCRIPT_SANDBOXING = YES;
				GCC_C_LANGUAGE_STANDARD = gnu17;
				GCC_DYNAMIC_NO_PIC = NO;
				GCC_NO_COMMON_BLOCKS = YES;
				GCC_OPTIMIZATION_LEVEL = 0;
				GCC_PREPROCESSOR_DEFINITIONS = (
					"DEBUG=1",
					"$(inherited)",
				);
				GCC_WARN_64_TO_32_BIT_CONVERSION = YES;
				GCC_WARN_ABOUT_RETURN_TYPE = YES_ERROR;
				GCC_WARN_UNDECLARED_SELECTOR = YES;
				GCC_WARN_UNINITIALIZED_AUTOS = YES_AGGRESSIVE;
				GCC_WARN_UNUSED_FUNCTION = YES;
				GCC_WARN_UNUSED_VARIABLE = YES;
				IPHONEOS_DEPLOYMENT_TARGET = 17.2;
				LOCALIZATION_PREFERS_STRING_CATALOGS = YES;
				MTL_ENABLE_DEBUG_INFO = INCLUDE_SOURCE;
				MTL_FAST_MATH = YES;
				ONLY_ACTIVE_ARCH = YES;
				SDKROOT = iphoneos;
				SWIFT_ACTIVE_COMPILATION_CONDITIONS = "DEBUG $(inherited)";
				SWIFT_OPTIMIZATION_LEVEL = "-Onone";
			};
			name = Debug;
		};
		3F1CBB022BD0D7A000DBD3FD /* Release */ = {
			isa = XCBuildConfiguration;
			buildSettings = {
				ALWAYS_SEARCH_USER_PATHS = NO;
				ASSETCATALOG_COMPILER_GENERATE_SWIFT_ASSET_SYMBOL_EXTENSIONS = YES;
				CLANG_ANALYZER_NONNULL = YES;
				CLANG_ANALYZER_NUMBER_OBJECT_CONVERSION = YES_AGGRESSIVE;
				CLANG_CXX_LANGUAGE_STANDARD = "gnu++20";
				CLANG_ENABLE_MODULES = YES;
				CLANG_ENABLE_OBJC_ARC = YES;
				CLANG_ENABLE_OBJC_WEAK = YES;
				CLANG_WARN_BLOCK_CAPTURE_AUTORELEASING = YES;
				CLANG_WARN_BOOL_CONVERSION = YES;
				CLANG_WARN_COMMA = YES;
				CLANG_WARN_CONSTANT_CONVERSION = YES;
				CLANG_WARN_DEPRECATED_OBJC_IMPLEMENTATIONS = YES;
				CLANG_WARN_DIRECT_OBJC_ISA_USAGE = YES_ERROR;
				CLANG_WARN_DOCUMENTATION_COMMENTS = YES;
				CLANG_WARN_EMPTY_BODY = YES;
				CLANG_WARN_ENUM_CONVERSION = YES;
				CLANG_WARN_INFINITE_RECURSION = YES;
				CLANG_WARN_INT_CONVERSION = YES;
				CLANG_WARN_NON_LITERAL_NULL_CONVERSION = YES;
				CLANG_WARN_OBJC_IMPLICIT_RETAIN_SELF = YES;
				CLANG_WARN_OBJC_LITERAL_CONVERSION = YES;
				CLANG_WARN_OBJC_ROOT_CLASS = YES_ERROR;
				CLANG_WARN_QUOTED_INCLUDE_IN_FRAMEWORK_HEADER = YES;
				CLANG_WARN_RANGE_LOOP_ANALYSIS = YES;
				CLANG_WARN_STRICT_PROTOTYPES = YES;
				CLANG_WARN_SUSPICIOUS_MOVE = YES;
				CLANG_WARN_UNGUARDED_AVAILABILITY = YES_AGGRESSIVE;
				CLANG_WARN_UNREACHABLE_CODE = YES;
				CLANG_WARN__DUPLICATE_METHOD_MATCH = YES;
				COPY_PHASE_STRIP = NO;
				DEBUG_INFORMATION_FORMAT = "dwarf-with-dsym";
				ENABLE_NS_ASSERTIONS = NO;
				ENABLE_STRICT_OBJC_MSGSEND = YES;
				ENABLE_USER_SCRIPT_SANDBOXING = YES;
				GCC_C_LANGUAGE_STANDARD = gnu17;
				GCC_NO_COMMON_BLOCKS = YES;
				GCC_WARN_64_TO_32_BIT_CONVERSION = YES;
				GCC_WARN_ABOUT_RETURN_TYPE = YES_ERROR;
				GCC_WARN_UNDECLARED_SELECTOR = YES;
				GCC_WARN_UNINITIALIZED_AUTOS = YES_AGGRESSIVE;
				GCC_WARN_UNUSED_FUNCTION = YES;
				GCC_WARN_UNUSED_VARIABLE = YES;
				IPHONEOS_DEPLOYMENT_TARGET = 17.2;
				LOCALIZATION_PREFERS_STRING_CATALOGS = YES;
				MTL_ENABLE_DEBUG_INFO = NO;
				MTL_FAST_MATH = YES;
				SDKROOT = iphoneos;
				SWIFT_COMPILATION_MODE = wholemodule;
				VALIDATE_PRODUCT = YES;
			};
			name = Release;
		};
		3F1CBB042BD0D7A000DBD3FD /* Debug */ = {
			isa = XCBuildConfiguration;
			buildSettings = {
				ALWAYS_EMBED_SWIFT_STANDARD_LIBRARIES = YES;
				ASSETCATALOG_COMPILER_APPICON_NAME = AppIcon;
				ASSETCATALOG_COMPILER_GLOBAL_ACCENT_COLOR_NAME = AccentColor;
				CODE_SIGN_STYLE = Automatic;
				CURRENT_PROJECT_VERSION = 1;
				DEVELOPMENT_ASSET_PATHS = "\"Landmarks/Preview Content\"";
				ENABLE_PREVIEWS = YES;
				GENERATE_INFOPLIST_FILE = YES;
				INFOPLIST_KEY_UIApplicationSceneManifest_Generation = YES;
				INFOPLIST_KEY_UIApplicationSupportsIndirectInputEvents = YES;
				INFOPLIST_KEY_UILaunchScreen_Generation = YES;
				INFOPLIST_KEY_UISupportedInterfaceOrientations_iPad = "UIInterfaceOrientationPortrait UIInterfaceOrientationPortraitUpsideDown UIInterfaceOrientationLandscapeLeft UIInterfaceOrientationLandscapeRight";
				INFOPLIST_KEY_UISupportedInterfaceOrientations_iPhone = "UIInterfaceOrientationPortrait UIInterfaceOrientationLandscapeLeft UIInterfaceOrientationLandscapeRight";
				LD_RUNPATH_SEARCH_PATHS = (
					"$(inherited)",
					"@executable_path/Frameworks",
				);
				MARKETING_VERSION = 1.0;
				PRODUCT_BUNDLE_IDENTIFIER = rafi.Landmarks;
				PRODUCT_NAME = "$(TARGET_NAME)";
				SWIFT_EMIT_LOC_STRINGS = YES;
				SWIFT_VERSION = 5.0;
				TARGETED_DEVICE_FAMILY = "1,2";
			};
			name = Debug;
		};
		3F1CBB052BD0D7A000DBD3FD /* Release */ = {
			isa = XCBuildConfiguration;
			buildSettings = {
				ALWAYS_EMBED_SWIFT_STANDARD_LIBRARIES = YES;
				ASSETCATALOG_COMPILER_APPICON_NAME = AppIcon;
				ASSETCATALOG_COMPILER_GLOBAL_ACCENT_COLOR_NAME = AccentColor;
				CODE_SIGN_STYLE = Automatic;
				CURRENT_PROJECT_VERSION = 1;
				DEVELOPMENT_ASSET_PATHS = "\"Landmarks/Preview Content\"";
				ENABLE_PREVIEWS = YES;
				GENERATE_INFOPLIST_FILE = YES;
				INFOPLIST_KEY_UIApplicationSceneManifest_Generation = YES;
				INFOPLIST_KEY_UIApplicationSupportsIndirectInputEvents = YES;
				INFOPLIST_KEY_UILaunchScreen_Generation = YES;
				INFOPLIST_KEY_UISupportedInterfaceOrientations_iPad = "UIInterfaceOrientationPortrait UIInterfaceOrientationPortraitUpsideDown UIInterfaceOrientationLandscapeLeft UIInterfaceOrientationLandscapeRight";
				INFOPLIST_KEY_UISupportedInterfaceOrientations_iPhone = "UIInterfaceOrientationPortrait UIInterfaceOrientationLandscapeLeft UIInterfaceOrientationLandscapeRight";
				LD_RUNPATH_SEARCH_PATHS = (
					"$(inherited)",
					"@executable_path/Frameworks",
				);
				MARKETING_VERSION = 1.0;
				PRODUCT_BUNDLE_IDENTIFIER = rafi.Landmarks;
				PRODUCT_NAME = "$(TARGET_NAME)";
				SWIFT_EMIT_LOC_STRINGS = YES;
				SWIFT_VERSION = 5.0;
				TARGETED_DEVICE_FAMILY = "1,2";
			};
			name = Release;
		};
		3F1CBB072BD0D7A000DBD3FD /* Debug */ = {
			isa = XCBuildConfiguration;
			buildSettings = {
				ALWAYS_EMBED_SWIFT_STANDARD_LIBRARIES = YES;
				BUNDLE_LOADER = "$(TEST_HOST)";
				CODE_SIGN_STYLE = Automatic;
				CURRENT_PROJECT_VERSION = 1;
				GENERATE_INFOPLIST_FILE = YES;
				IPHONEOS_DEPLOYMENT_TARGET = 17.2;
				MARKETING_VERSION = 1.0;
				PRODUCT_BUNDLE_IDENTIFIER = rafi.LandmarksTests;
				PRODUCT_NAME = "$(TARGET_NAME)";
				SWIFT_EMIT_LOC_STRINGS = NO;
				SWIFT_VERSION = 5.0;
				TARGETED_DEVICE_FAMILY = "1,2";
				TEST_HOST = "$(BUILT_PRODUCTS_DIR)/Landmarks.app/$(BUNDLE_EXECUTABLE_FOLDER_PATH)/Landmarks";
			};
			name = Debug;
		};
		3F1CBB082BD0D7A000DBD3FD /* Release */ = {
			isa = XCBuildConfiguration;
			buildSettings = {
				ALWAYS_EMBED_SWIFT_STANDARD_LIBRARIES = YES;
				BUNDLE_LOADER = "$(TEST_HOST)";
				CODE_SIGN_STYLE = Automatic;
				CURRENT_PROJECT_VERSION = 1;
				GENERATE_INFOPLIST_FILE = YES;
				IPHONEOS_DEPLOYMENT_TARGET = 17.2;
				MARKETING_VERSION = 1.0;
				PRODUCT_BUNDLE_IDENTIFIER = rafi.LandmarksTests;
				PRODUCT_NAME = "$(TARGET_NAME)";
				SWIFT_EMIT_LOC_STRINGS = NO;
				SWIFT_VERSION = 5.0;
				TARGETED_DEVICE_FAMILY = "1,2";
				TEST_HOST = "$(BUILT_PRODUCTS_DIR)/Landmarks.app/$(BUNDLE_EXECUTABLE_FOLDER_PATH)/Landmarks";
			};
			name = Release;
		};
		3F1CBB0A2BD0D7A000DBD3FD /* Debug */ = {
			isa = XCBuildConfiguration;
			buildSettings = {
				ALWAYS_EMBED_SWIFT_STANDARD_LIBRARIES = YES;
				CODE_SIGN_STYLE = Automatic;
				CURRENT_PROJECT_VERSION = 1;
				GENERATE_INFOPLIST_FILE = YES;
				MARKETING_VERSION = 1.0;
				PRODUCT_BUNDLE_IDENTIFIER = rafi.LandmarksUITests;
				PRODUCT_NAME = "$(TARGET_NAME)";
				SWIFT_EMIT_LOC_STRINGS = NO;
				SWIFT_VERSION = 5.0;
				TARGETED_DEVICE_FAMILY = "1,2";
				TEST_TARGET_NAME = Landmarks;
			};
			name = Debug;
		};
		3F1CBB0B2BD0D7A000DBD3FD /* Release */ = {
			isa = XCBuildConfiguration;
			buildSettings = {
				ALWAYS_EMBED_SWIFT_STANDARD_LIBRARIES = YES;
				CODE_SIGN_STYLE = Automatic;
				CURRENT_PROJECT_VERSION = 1;
				GENERATE_INFOPLIST_FILE = YES;
				MARKETING_VERSION = 1.0;
				PRODUCT_BUNDLE_IDENTIFIER = rafi.LandmarksUITests;
				PRODUCT_NAME = "$(TARGET_NAME)";
				SWIFT_EMIT_LOC_STRINGS = NO;
				SWIFT_VERSION = 5.0;
				TARGETED_DEVICE_FAMILY = "1,2";
				TEST_TARGET_NAME = Landmarks;
			};
			name = Release;
		};
/* End XCBuildConfiguration section */

/* Begin XCConfigurationList section */
		3F0D2B602BDA184B00F43C70 /* Build configuration list for PBXNativeTarget "WatchLandmarks Watch App" */ = {
			isa = XCConfigurationList;
			buildConfigurations = (
				3F0D2B612BDA184B00F43C70 /* Debug */,
				3F0D2B622BDA184B00F43C70 /* Release */,
			);
			defaultConfigurationIsVisible = 0;
			defaultConfigurationName = Release;
		};
		3F0D2B872BDA231A00F43C70 /* Build configuration list for PBXNativeTarget "MacLandmarks" */ = {
			isa = XCConfigurationList;
			buildConfigurations = (
				3F0D2B882BDA231A00F43C70 /* Debug */,
				3F0D2B892BDA231A00F43C70 /* Release */,
			);
			defaultConfigurationIsVisible = 0;
			defaultConfigurationName = Release;
		};
		3F1CBADA2BD0D79F00DBD3FD /* Build configuration list for PBXProject "Landmarks" */ = {
			isa = XCConfigurationList;
			buildConfigurations = (
				3F1CBB012BD0D7A000DBD3FD /* Debug */,
				3F1CBB022BD0D7A000DBD3FD /* Release */,
			);
			defaultConfigurationIsVisible = 0;
			defaultConfigurationName = Release;
		};
		3F1CBB032BD0D7A000DBD3FD /* Build configuration list for PBXNativeTarget "Landmarks" */ = {
			isa = XCConfigurationList;
			buildConfigurations = (
				3F1CBB042BD0D7A000DBD3FD /* Debug */,
				3F1CBB052BD0D7A000DBD3FD /* Release */,
			);
			defaultConfigurationIsVisible = 0;
			defaultConfigurationName = Release;
		};
		3F1CBB062BD0D7A000DBD3FD /* Build configuration list for PBXNativeTarget "LandmarksTests" */ = {
			isa = XCConfigurationList;
			buildConfigurations = (
				3F1CBB072BD0D7A000DBD3FD /* Debug */,
				3F1CBB082BD0D7A000DBD3FD /* Release */,
			);
			defaultConfigurationIsVisible = 0;
			defaultConfigurationName = Release;
		};
		3F1CBB092BD0D7A000DBD3FD /* Build configuration list for PBXNativeTarget "LandmarksUITests" */ = {
			isa = XCConfigurationList;
			buildConfigurations = (
				3F1CBB0A2BD0D7A000DBD3FD /* Debug */,
				3F1CBB0B2BD0D7A000DBD3FD /* Release */,
			);
			defaultConfigurationIsVisible = 0;
			defaultConfigurationName = Release;
		};
/* End XCConfigurationList section */
	};
	rootObject = 3F1CBAD72BD0D79F00DBD3FD /* Project object */;
}
